
Microsoft Visual Studio Solution File, Format Version 12.00
# Visual Studio Version 16
VisualStudioVersion = 16.0.30413.136
MinimumVisualStudioVersion = 10.0.40219.1
Project("{FAE04EC0-301F-11D3-BF4B-00C04F79EFBC}") = "E-CommerceApp", "E-CommerceApp.csproj", "{8C7A5B05-C283-43E2-8A35-9A655497D5EA}"
EndProject
Project("{9A19103F-16F7-4668-BE54-9A1E7A4F7556}") = "ECommerceClassLibrary", "..\ECommerceClassLibrary\ECommerceClassLibrary.csproj", "{B0B86E65-DB5A-4A06-9C52-44D3820B0359}"
EndProject
Project("{FAE04EC0-301F-11D3-BF4B-00C04F79EFBC}") = "UnitTestProject1", "..\UnitTestProject1\UnitTestProject1.csproj", "{5901EF83-9A9A-4180-B13A-AA6654C367B0}"
EndProject
Global
	GlobalSection(SolutionConfigurationPlatforms) = preSolution
		Debug|Any CPU = Debug|Any CPU
		Release|Any CPU = Release|Any CPU
	EndGlobalSection
	GlobalSection(ProjectConfigurationPlatforms) = postSolution
		{8C7A5B05-C283-43E2-8A35-9A655497D5EA}.Debug|Any CPU.ActiveCfg = Debug|Any CPU
		{8C7A5B05-C283-43E2-8A35-9A655497D5EA}.Debug|Any CPU.Build.0 = Debug|Any CPU
		{8C7A5B05-C283-43E2-8A35-9A655497D5EA}.Release|Any CPU.ActiveCfg = Release|Any CPU
		{8C7A5B05-C283-43E2-8A35-9A655497D5EA}.Release|Any CPU.Build.0 = Release|Any CPU
		{B0B86E65-DB5A-4A06-9C52-44D3820B0359}.Debug|Any CPU.ActiveCfg = Debug|Any CPU
		{B0B86E65-DB5A-4A06-9C52-44D3820B0359}.Debug|Any CPU.Build.0 = Debug|Any CPU
		{B0B86E65-DB5A-4A06-9C52-44D3820B0359}.Release|Any CPU.ActiveCfg = Release|Any CPU
		{B0B86E65-DB5A-4A06-9C52-44D3820B0359}.Release|Any CPU.Build.0 = Release|Any CPU
		{5901EF83-9A9A-4180-B13A-AA6654C367B0}.Debug|Any CPU.ActiveCfg = Debug|Any CPU
		{5901EF83-9A9A-4180-B13A-AA6654C367B0}.Debug|Any CPU.Build.0 = Debug|Any CPU
		{5901EF83-9A9A-4180-B13A-AA6654C367B0}.Release|Any CPU.ActiveCfg = Release|Any CPU
		{5901EF83-9A9A-4180-B13A-AA6654C367B0}.Release|Any CPU.Build.0 = Release|Any CPU
	EndGlobalSection
	GlobalSection(SolutionProperties) = preSolution
		HideSolutionNode = FALSE
	EndGlobalSection
	GlobalSection(ExtensibilityGlobals) = postSolution
		SolutionGuid = {B095FC9D-F362-4C2D-BDDD-7B30AB943205}
	EndGlobalSection
EndGlobal
